
Microsoft Visual Studio Solution File, Format Version 12.00
# Visual Studio Version 16
VisualStudioVersion = 16.0.30225.117
MinimumVisualStudioVersion = 15.0.26124.0
Project("{9A19103F-16F7-4668-BE54-9A1E7A4F7556}") = "Xembly.Caching.Distributed.Lock", "Xembly.Caching.Distributed.Lock\Xembly.Caching.Distributed.Lock.csproj", "{05DCD60A-7991-4350-82F3-E8CF4BFB4B26}"
EndProject
Project("{9A19103F-16F7-4668-BE54-9A1E7A4F7556}") = "Xembly.Caching.Distributed.Lock.Tests", "Xembly.Caching.Distributed.Lock.Tests\Xembly.Caching.Distributed.Lock.Tests.csproj", "{F1A8FCA2-1EBA-4EAF-BEDA-8D9467EFE90E}"
EndProject
Project("{2150E333-8FDC-42A3-9474-1A3956D46DE8}") = ".workflows", ".workflows", "{D2D028C9-852C-4683-BD4C-31C8B4A10928}"
	ProjectSection(SolutionItems) = preProject
		.github\workflows\build.yml = .github\workflows\build.yml
	EndProjectSection
EndProject
Project("{2150E333-8FDC-42A3-9474-1A3956D46DE8}") = ".solution-items", ".solution-items", "{59BCB961-E873-4D04-AECD-C44E6FE26EB6}"
	ProjectSection(SolutionItems) = preProject
		.editorconfig = .editorconfig
		.gitignore = .gitignore
		LICENSE = LICENSE
		README.md = README.md
	EndProjectSection
EndProject
Global
	GlobalSection(SolutionConfigurationPlatforms) = preSolution
		Debug|Any CPU = Debug|Any CPU
		Debug|x64 = Debug|x64
		Debug|x86 = Debug|x86
		Release|Any CPU = Release|Any CPU
		Release|x64 = Release|x64
		Release|x86 = Release|x86
	EndGlobalSection
	GlobalSection(ProjectConfigurationPlatforms) = postSolution
		{05DCD60A-7991-4350-82F3-E8CF4BFB4B26}.Debug|Any CPU.ActiveCfg = Debug|Any CPU
		{05DCD60A-7991-4350-82F3-E8CF4BFB4B26}.Debug|Any CPU.Build.0 = Debug|Any CPU
		{05DCD60A-7991-4350-82F3-E8CF4BFB4B26}.Debug|x64.ActiveCfg = Debug|Any CPU
		{05DCD60A-7991-4350-82F3-E8CF4BFB4B26}.Debug|x64.Build.0 = Debug|Any CPU
		{05DCD60A-7991-4350-82F3-E8CF4BFB4B26}.Debug|x86.ActiveCfg = Debug|Any CPU
		{05DCD60A-7991-4350-82F3-E8CF4BFB4B26}.Debug|x86.Build.0 = Debug|Any CPU
		{05DCD60A-7991-4350-82F3-E8CF4BFB4B26}.Release|Any CPU.ActiveCfg = Release|Any CPU
		{05DCD60A-7991-4350-82F3-E8CF4BFB4B26}.Release|Any CPU.Build.0 = Release|Any CPU
		{05DCD60A-7991-4350-82F3-E8CF4BFB4B26}.Release|x64.ActiveCfg = Release|Any CPU
		{05DCD60A-7991-4350-82F3-E8CF4BFB4B26}.Release|x64.Build.0 = Release|Any CPU
		{05DCD60A-7991-4350-82F3-E8CF4BFB4B26}.Release|x86.ActiveCfg = Release|Any CPU
		{05DCD60A-7991-4350-82F3-E8CF4BFB4B26}.Release|x86.Build.0 = Release|Any CPU
		{F1A8FCA2-1EBA-4EAF-BEDA-8D9467EFE90E}.Debug|Any CPU.ActiveCfg = Debug|Any CPU
		{F1A8FCA2-1EBA-4EAF-BEDA-8D9467EFE90E}.Debug|Any CPU.Build.0 = Debug|Any CPU
		{F1A8FCA2-1EBA-4EAF-BEDA-8D9467EFE90E}.Debug|x64.ActiveCfg = Debug|Any CPU
		{F1A8FCA2-1EBA-4EAF-BEDA-8D9467EFE90E}.Debug|x64.Build.0 = Debug|Any CPU
		{F1A8FCA2-1EBA-4EAF-BEDA-8D9467EFE90E}.Debug|x86.ActiveCfg = Debug|Any CPU
		{F1A8FCA2-1EBA-4EAF-BEDA-8D9467EFE90E}.Debug|x86.Build.0 = Debug|Any CPU
		{F1A8FCA2-1EBA-4EAF-BEDA-8D9467EFE90E}.Release|Any CPU.ActiveCfg = Release|Any CPU
		{F1A8FCA2-1EBA-4EAF-BEDA-8D9467EFE90E}.Release|Any CPU.Build.0 = Release|Any CPU
		{F1A8FCA2-1EBA-4EAF-BEDA-8D9467EFE90E}.Release|x64.ActiveCfg = Release|Any CPU
		{F1A8FCA2-1EBA-4EAF-BEDA-8D9467EFE90E}.Release|x64.Build.0 = Release|Any CPU
		{F1A8FCA2-1EBA-4EAF-BEDA-8D9467EFE90E}.Release|x86.ActiveCfg = Release|Any CPU
		{F1A8FCA2-1EBA-4EAF-BEDA-8D9467EFE90E}.Release|x86.Build.0 = Release|Any CPU
	EndGlobalSection
	GlobalSection(SolutionProperties) = preSolution
		HideSolutionNode = FALSE
	EndGlobalSection
	GlobalSection(ExtensibilityGlobals) = postSolution
		SolutionGuid = {33E22A70-5D65-46F8-9704-C5AD692ADDA9}
	EndGlobalSection
EndGlobal
